// !$*UTF8*$!
{
	archiveVersion = 1;
	classes = {
	};
	objectVersion = 48;
	objects = {

/* Begin PBXBuildFile section */
		349C72541FC4FD4700377E71 /* AppDelegate.m in Sources */ = {isa = PBXBuildFile; fileRef = 349C72531FC4FD4700377E71 /* AppDelegate.m */; };
		349C72571FC4FD4700377E71 /* Renderer.m in Sources */ = {isa = PBXBuildFile; fileRef = 349C72561FC4FD4700377E71 /* Renderer.m */; };
		349C725A1FC4FD4700377E71 /* GameViewController.m in Sources */ = {isa = PBXBuildFile; fileRef = 349C72591FC4FD4700377E71 /* GameViewController.m */; };
		349C725C1FC4FD4700377E71 /* Shaders.metal in Sources */ = {isa = PBXBuildFile; fileRef = 349C725B1FC4FD4700377E71 /* Shaders.metal */; };
		349C725F1FC4FD4700377E71 /* Assets.xcassets in Resources */ = {isa = PBXBuildFile; fileRef = 349C725E1FC4FD4700377E71 /* Assets.xcassets */; };
		349C72621FC4FD4700377E71 /* Main.storyboard in Resources */ = {isa = PBXBuildFile; fileRef = 349C72601FC4FD4700377E71 /* Main.storyboard */; };
		349C72651FC4FD4700377E71 /* main.m in Sources */ = {isa = PBXBuildFile; fileRef = 349C72641FC4FD4700377E71 /* main.m */; };
/* End PBXBuildFile section */

/* Begin PBXFileReference section */
		349C724F1FC4FD4700377E71 /* MetalMacGame.app */ = {isa = PBXFileReference; explicitFileType = wrapper.application; includeInIndex = 0; path = MetalMacGame.app; sourceTree = BUILT_PRODUCTS_DIR; };
		349C72521FC4FD4700377E71 /* AppDelegate.h */ = {isa = PBXFileReference; lastKnownFileType = sourcecode.c.h; path = AppDelegate.h; sourceTree = "<group>"; };
		349C72531FC4FD4700377E71 /* AppDelegate.m */ = {isa = PBXFileReference; lastKnownFileType = sourcecode.c.objc; path = AppDelegate.m; sourceTree = "<group>"; };
		349C72551FC4FD4700377E71 /* Renderer.h */ = {isa = PBXFileReference; lastKnownFileType = sourcecode.c.h; path = Renderer.h; sourceTree = "<group>"; };
		349C72561FC4FD4700377E71 /* Renderer.m */ = {isa = PBXFileReference; lastKnownFileType = sourcecode.c.objc; path = Renderer.m; sourceTree = "<group>"; };
		349C72581FC4FD4700377E71 /* GameViewController.h */ = {isa = PBXFileReference; lastKnownFileType = sourcecode.c.h; path = GameViewController.h; sourceTree = "<group>"; };
		349C72591FC4FD4700377E71 /* GameViewController.m */ = {isa = PBXFileReference; lastKnownFileType = sourcecode.c.objc; path = GameViewController.m; sourceTree = "<group>"; };
		349C725B1FC4FD4700377E71 /* Shaders.metal */ = {isa = PBXFileReference; lastKnownFileType = sourcecode.metal; path = Shaders.metal; sourceTree = "<group>"; };
		349C725D1FC4FD4700377E71 /* ShaderTypes.h */ = {isa = PBXFileReference; lastKnownFileType = sourcecode.c.h; path = ShaderTypes.h; sourceTree = "<group>"; };
		349C725E1FC4FD4700377E71 /* Assets.xcassets */ = {isa = PBXFileReference; lastKnownFileType = folder.assetcatalog; path = Assets.xcassets; sourceTree = "<group>"; };
		349C72611FC4FD4700377E71 /* Base */ = {isa = PBXFileReference; lastKnownFileType = file.storyboard; name = Base; path = Base.lproj/Main.storyboard; sourceTree = "<group>"; };
		349C72631FC4FD4700377E71 /* Info.plist */ = {isa = PBXFileReference; lastKnownFileType = text.plist.xml; path = Info.plist; sourceTree = "<group>"; };
		349C72641FC4FD4700377E71 /* main.m */ = {isa = PBXFileReference; lastKnownFileType = sourcecode.c.objc; path = main.m; sourceTree = "<group>"; };
		349C72661FC4FD4700377E71 /* MetalMacGame.entitlements */ = {isa = PBXFileReference; lastKnownFileType = text.plist.entitlements; path = MetalMacGame.entitlements; sourceTree = "<group>"; };
/* End PBXFileReference section */

/* Begin PBXFrameworksBuildPhase section */
		349C724C1FC4FD4700377E71 /* Frameworks */ = {
			isa = PBXFrameworksBuildPhase;
			buildActionMask = 2147483647;
			files = (
			);
			runOnlyForDeploymentPostprocessing = 0;
		};
/* End PBXFrameworksBuildPhase section */

/* Begin PBXGroup section */
		349C72461FC4FD4700377E71 = {
			isa = PBXGroup;
			children = (
				349C72511FC4FD4700377E71 /* MetalMacGame */,
				349C72501FC4FD4700377E71 /* Products */,
			);
			sourceTree = "<group>";
		};
		349C72501FC4FD4700377E71 /* Products */ = {
			isa = PBXGroup;
			children = (
				349C724F1FC4FD4700377E71 /* MetalMacGame.app */,
			);
			name = Products;
			sourceTree = "<group>";
		};
		349C72511FC4FD4700377E71 /* MetalMacGame */ = {
			isa = PBXGroup;
			children = (
				349C72521FC4FD4700377E71 /* AppDelegate.h */,
				349C72531FC4FD4700377E71 /* AppDelegate.m */,
				349C72551FC4FD4700377E71 /* Renderer.h */,
				349C72561FC4FD4700377E71 /* Renderer.m */,
				349C72581FC4FD4700377E71 /* GameViewController.h */,
				349C72591FC4FD4700377E71 /* GameViewController.m */,
				349C725B1FC4FD4700377E71 /* Shaders.metal */,
				349C725D1FC4FD4700377E71 /* ShaderTypes.h */,
				349C725E1FC4FD4700377E71 /* Assets.xcassets */,
				349C72601FC4FD4700377E71 /* Main.storyboard */,
				349C72631FC4FD4700377E71 /* Info.plist */,
				349C72641FC4FD4700377E71 /* main.m */,
				349C72661FC4FD4700377E71 /* MetalMacGame.entitlements */,
			);
			path = MetalMacGame;
			sourceTree = "<group>";
		};
/* End PBXGroup section */

/* Begin PBXNativeTarget section */
		349C724E1FC4FD4700377E71 /* MetalMacGame */ = {
			isa = PBXNativeTarget;
			buildConfigurationList = 349C72691FC4FD4700377E71 /* Build configuration list for PBXNativeTarget "MetalMacGame" */;
			buildPhases = (
				349C724B1FC4FD4700377E71 /* Sources */,
				349C724C1FC4FD4700377E71 /* Frameworks */,
				349C724D1FC4FD4700377E71 /* Resources */,
			);
			buildRules = (
			);
			dependencies = (
			);
			name = MetalMacGame;
			productName = MetalMacGame;
			productReference = 349C724F1FC4FD4700377E71 /* MetalMacGame.app */;
			productType = "com.apple.product-type.application";
		};
/* End PBXNativeTarget section */

/* Begin PBXProject section */
		349C72471FC4FD4700377E71 /* Project object */ = {
			isa = PBXProject;
			attributes = {
				LastUpgradeCheck = 0920;
				ORGANIZATIONNAME = "Matthew Lintlop";
				TargetAttributes = {
					349C724E1FC4FD4700377E71 = {
						CreatedOnToolsVersion = 9.2;
						ProvisioningStyle = Automatic;
					};
				};
			};
			buildConfigurationList = 349C724A1FC4FD4700377E71 /* Build configuration list for PBXProject "MetalMacGame" */;
			compatibilityVersion = "Xcode 8.0";
			developmentRegion = en;
			hasScannedForEncodings = 0;
			knownRegions = (
				en,
				Base,
			);
			mainGroup = 349C72461FC4FD4700377E71;
			productRefGroup = 349C72501FC4FD4700377E71 /* Products */;
			projectDirPath = "";
			projectRoot = "";
			targets = (
				349C724E1FC4FD4700377E71 /* MetalMacGame */,
			);
		};
/* End PBXProject section */

/* Begin PBXResourcesBuildPhase section */
		349C724D1FC4FD4700377E71 /* Resources */ = {
			isa = PBXResourcesBuildPhase;
			buildActionMask = 2147483647;
			files = (
				349C725F1FC4FD4700377E71 /* Assets.xcassets in Resources */,
				349C72621FC4FD4700377E71 /* Main.storyboard in Resources */,
			);
			runOnlyForDeploymentPostprocessing = 0;
		};
/* End PBXResourcesBuildPhase section */

/* Begin PBXSourcesBuildPhase section */
		349C724B1FC4FD4700377E71 /* Sources */ = {
			isa = PBXSourcesBuildPhase;
			buildActionMask = 2147483647;
			files = (
				349C72651FC4FD4700377E71 /* main.m in Sources */,
				349C725C1FC4FD4700377E71 /* Shaders.metal in Sources */,
				349C72571FC4FD4700377E71 /* Renderer.m in Sources */,
				349C725A1FC4FD4700377E71 /* GameViewController.m in Sources */,
				349C72541FC4FD4700377E71 /* AppDelegate.m in Sources */,
			);
			runOnlyForDeploymentPostprocessing = 0;
		};
/* End PBXSourcesBuildPhase section */

/* Begin PBXVariantGroup section */
		349C72601FC4FD4700377E71 /* Main.storyboard */ = {
			isa = PBXVariantGroup;
			children = (
				349C72611FC4FD4700377E71 /* Base */,
			);
			name = Main.storyboard;
			sourceTree = "<group>";
		};
/* End PBXVariantGroup section */

/* Begin XCBuildConfiguration section */
		349C72671FC4FD4700377E71 /* Debug */ = {
			isa = XCBuildConfiguration;
			buildSettings = {
				ALWAYS_SEARCH_USER_PATHS = NO;
				CLANG_ANALYZER_NONNULL = YES;
				CLANG_ANALYZER_NUMBER_OBJECT_CONVERSION = YES_AGGRESSIVE;
				CLANG_CXX_LANGUAGE_STANDARD = "gnu++14";
				CLANG_CXX_LIBRARY = "libc++";
				CLANG_ENABLE_MODULES = YES;
				CLANG_ENABLE_OBJC_ARC = YES;
				CLANG_WARN_BLOCK_CAPTURE_AUTORELEASING = YES;
				CLANG_WARN_BOOL_CONVERSION = YES;
				CLANG_WARN_COMMA = YES;
				CLANG_WARN_CONSTANT_CONVERSION = YES;
				CLANG_WARN_DIRECT_OBJC_ISA_USAGE = YES_ERROR;
				CLANG_WARN_DOCUMENTATION_COMMENTS = YES;
				CLANG_WARN_EMPTY_BODY = YES;
				CLANG_WARN_ENUM_CONVERSION = YES;
				CLANG_WARN_INFINITE_RECURSION = YES;
				CLANG_WARN_INT_CONVERSION = YES;
				CLANG_WARN_NON_LITERAL_NULL_CONVERSION = YES;
				CLANG_WARN_OBJC_LITERAL_CONVERSION = YES;
				CLANG_WARN_OBJC_ROOT_CLASS = YES_ERROR;
				CLANG_WARN_RANGE_LOOP_ANALYSIS = YES;
				CLANG_WARN_STRICT_PROTOTYPES = YES;
				CLANG_WARN_SUSPICIOUS_MOVE = YES;
				CLANG_WARN_UNGUARDED_AVAILABILITY = YES_AGGRESSIVE;
				CLANG_WARN_UNREACHABLE_CODE = YES;
				CLANG_WARN__DUPLICATE_METHOD_MATCH = YES;
				CODE_SIGN_IDENTITY = "Mac Developer";
				COPY_PHASE_STRIP = NO;
				DEBUG_INFORMATION_FORMAT = dwarf;
				ENABLE_STRICT_OBJC_MSGSEND = YES;
				ENABLE_TESTABILITY = YES;
				GCC_C_LANGUAGE_STANDARD = gnu11;
				GCC_DYNAMIC_NO_PIC = NO;
				GCC_NO_COMMON_BLOCKS = YES;
				GCC_OPTIMIZATION_LEVEL = 0;
				GCC_PREPROCESSOR_DEFINITIONS = (
					"DEBUG=1",
					"$(inherited)",
				);
				GCC_WARN_64_TO_32_BIT_CONVERSION = YES;
				GCC_WARN_ABOUT_RETURN_TYPE = YES_ERROR;
				GCC_WARN_UNDECLARED_SELECTOR = YES;
				GCC_WARN_UNINITIALIZED_AUTOS = YES_AGGRESSIVE;
				GCC_WARN_UNUSED_FUNCTION = YES;
				GCC_WARN_UNUSED_VARIABLE = YES;
				MACOSX_DEPLOYMENT_TARGET = 10.13;
				MTL_ENABLE_DEBUG_INFO = YES;
				ONLY_ACTIVE_ARCH = YES;
				SDKROOT = macosx;
			};
			name = Debug;
		};
		349C72681FC4FD4700377E71 /* Release */ = {
			isa = XCBuildConfiguration;
			buildSettings = {
				ALWAYS_SEARCH_USER_PATHS = NO;
				CLANG_ANALYZER_NONNULL = YES;
				CLANG_ANALYZER_NUMBER_OBJECT_CONVERSION = YES_AGGRESSIVE;
				CLANG_CXX_LANGUAGE_STANDARD = "gnu++14";
				CLANG_CXX_LIBRARY = "libc++";
				CLANG_ENABLE_MODULES = YES;
				CLANG_ENABLE_OBJC_ARC = YES;
				CLANG_WARN_BLOCK_CAPTURE_AUTORELEASING = YES;
				CLANG_WARN_BOOL_CONVERSION = YES;
				CLANG_WARN_COMMA = YES;
				CLANG_WARN_CONSTANT_CONVERSION = YES;
				CLANG_WARN_DIRECT_OBJC_ISA_USAGE = YES_ERROR;
				CLANG_WARN_DOCUMENTATION_COMMENTS = YES;
				CLANG_WARN_EMPTY_BODY = YES;
				CLANG_WARN_ENUM_CONVERSION = YES;
				CLANG_WARN_INFINITE_RECURSION = YES;
				CLANG_WARN_INT_CONVERSION = YES;
				CLANG_WARN_NON_LITERAL_NULL_CONVERSION = YES;
				CLANG_WARN_OBJC_LITERAL_CONVERSION = YES;
				CLANG_WARN_OBJC_ROOT_CLASS = YES_ERROR;
				CLANG_WARN_RANGE_LOOP_ANALYSIS = YES;
				CLANG_WARN_STRICT_PROTOTYPES = YES;
				CLANG_WARN_SUSPICIOUS_MOVE = YES;
				CLANG_WARN_UNGUARDED_AVAILABILITY = YES_AGGRESSIVE;
				CLANG_WARN_UNREACHABLE_CODE = YES;
				CLANG_WARN__DUPLICATE_METHOD_MATCH = YES;
				CODE_SIGN_IDENTITY = "Mac Developer";
				COPY_PHASE_STRIP = NO;
				DEBUG_INFORMATION_FORMAT = "dwarf-with-dsym";
				ENABLE_NS_ASSERTIONS = NO;
				ENABLE_STRICT_OBJC_MSGSEND = YES;
				GCC_C_LANGUAGE_STANDARD = gnu11;
				GCC_NO_COMMON_BLOCKS = YES;
				GCC_WARN_64_TO_32_BIT_CONVERSION = YES;
				GCC_WARN_ABOUT_RETURN_TYPE = YES_ERROR;
				GCC_WARN_UNDECLARED_SELECTOR = YES;
				GCC_WARN_UNINITIALIZED_AUTOS = YES_AGGRESSIVE;
				GCC_WARN_UNUSED_FUNCTION = YES;
				GCC_WARN_UNUSED_VARIABLE = YES;
				MACOSX_DEPLOYMENT_TARGET = 10.13;
				MTL_ENABLE_DEBUG_INFO = NO;
				SDKROOT = macosx;
			};
			name = Release;
		};
		349C726A1FC4FD4700377E71 /* Debug */ = {
			isa = XCBuildConfiguration;
			buildSettings = {
				ASSETCATALOG_COMPILER_APPICON_NAME = AppIcon;
				CODE_SIGN_ENTITLEMENTS = MetalMacGame/MetalMacGame.entitlements;
				CODE_SIGN_STYLE = Automatic;
				COMBINE_HIDPI_IMAGES = YES;
				DEVELOPMENT_TEAM = US5DTPYQ6L;
				INFOPLIST_FILE = MetalMacGame/Info.plist;
				LD_RUNPATH_SEARCH_PATHS = "$(inherited) @executable_path/../Frameworks";
				PRODUCT_BUNDLE_IDENTIFIER = com.pocketgems.MetalMacGame;
				PRODUCT_NAME = "$(TARGET_NAME)";
			};
			name = Debug;
		};
		349C726B1FC4FD4700377E71 /* Release */ = {
			isa = XCBuildConfiguration;
			buildSettings = {
				ASSETCATALOG_COMPILER_APPICON_NAME = AppIcon;
				CODE_SIGN_ENTITLEMENTS = MetalMacGame/MetalMacGame.entitlements;
				CODE_SIGN_STYLE = Automatic;
				COMBINE_HIDPI_IMAGES = YES;
				DEVELOPMENT_TEAM = US5DTPYQ6L;
				INFOPLIST_FILE = MetalMacGame/Info.plist;
				LD_RUNPATH_SEARCH_PATHS = "$(inherited) @executable_path/../Frameworks";
				PRODUCT_BUNDLE_IDENTIFIER = com.pocketgems.MetalMacGame;
				PRODUCT_NAME = "$(TARGET_NAME)";
			};
			name = Release;
		};
/* End XCBuildConfiguration section */

/* Begin XCConfigurationList section */
		349C724A1FC4FD4700377E71 /* Build configuration list for PBXProject "MetalMacGame" */ = {
			isa = XCConfigurationList;
			buildConfigurations = (
				349C72671FC4FD4700377E71 /* Debug */,
				349C72681FC4FD4700377E71 /* Release */,
			);
			defaultConfigurationIsVisible = 0;
			defaultConfigurationName = Release;
		};
		349C72691FC4FD4700377E71 /* Build configuration list for PBXNativeTarget "MetalMacGame" */ = {
			isa = XCConfigurationList;
			buildConfigurations = (
				349C726A1FC4FD4700377E71 /* Debug */,
				349C726B1FC4FD4700377E71 /* Release */,
			);
			defaultConfigurationIsVisible = 0;
			defaultConfigurationName = Release;
		};
/* End XCConfigurationList section */
	};
	rootObject = 349C72471FC4FD4700377E71 /* Project object */;
}
